// !$*UTF8*$!
{
	archiveVersion = 1;
	classes = {
	};
	objectVersion = 56;
	objects = {

/* Begin PBXBuildFile section */
		FA4CAA032BDFD3ED00060812 /* studyApp.swift in Sources */ = {isa = PBXBuildFile; fileRef = FA4CAA022BDFD3ED00060812 /* studyApp.swift */; };
		FA4CAA052BDFD3ED00060812 /* ContentView.swift in Sources */ = {isa = PBXBuildFile; fileRef = FA4CAA042BDFD3ED00060812 /* ContentView.swift */; };
		FA4CAA072BDFD3EF00060812 /* Assets.xcassets in Resources */ = {isa = PBXBuildFile; fileRef = FA4CAA062BDFD3EF00060812 /* Assets.xcassets */; };
		FA4CAA0B2BDFD3EF00060812 /* Preview Assets.xcassets in Resources */ = {isa = PBXBuildFile; fileRef = FA4CAA0A2BDFD3EF00060812 /* Preview Assets.xcassets */; };
		FA4CAA152BDFD3EF00060812 /* studyTests.swift in Sources */ = {isa = PBXBuildFile; fileRef = FA4CAA142BDFD3EF00060812 /* studyTests.swift */; };
		FA4CAA1F2BDFD3EF00060812 /* studyUITests.swift in Sources */ = {isa = PBXBuildFile; fileRef = FA4CAA1E2BDFD3EF00060812 /* studyUITests.swift */; };
		FA4CAA212BDFD3EF00060812 /* studyUITestsLaunchTests.swift in Sources */ = {isa = PBXBuildFile; fileRef = FA4CAA202BDFD3EF00060812 /* studyUITestsLaunchTests.swift */; };
/* End PBXBuildFile section */

/* Begin PBXContainerItemProxy section */
		FA4CAA112BDFD3EF00060812 /* PBXContainerItemProxy */ = {
			isa = PBXContainerItemProxy;
			containerPortal = FA4CA9F72BDFD3ED00060812 /* Project object */;
			proxyType = 1;
			remoteGlobalIDString = FA4CA9FE2BDFD3ED00060812;
			remoteInfo = study;
		};
		FA4CAA1B2BDFD3EF00060812 /* PBXContainerItemProxy */ = {
			isa = PBXContainerItemProxy;
			containerPortal = FA4CA9F72BDFD3ED00060812 /* Project object */;
			proxyType = 1;
			remoteGlobalIDString = FA4CA9FE2BDFD3ED00060812;
			remoteInfo = study;
		};
/* End PBXContainerItemProxy section */

/* Begin PBXFileReference section */
		FA4CA9FF2BDFD3ED00060812 /* study.app */ = {isa = PBXFileReference; explicitFileType = wrapper.application; includeInIndex = 0; path = study.app; sourceTree = BUILT_PRODUCTS_DIR; };
		FA4CAA022BDFD3ED00060812 /* studyApp.swift */ = {isa = PBXFileReference; lastKnownFileType = sourcecode.swift; path = studyApp.swift; sourceTree = "<group>"; };
		FA4CAA042BDFD3ED00060812 /* ContentView.swift */ = {isa = PBXFileReference; lastKnownFileType = sourcecode.swift; path = ContentView.swift; sourceTree = "<group>"; };
		FA4CAA062BDFD3EF00060812 /* Assets.xcassets */ = {isa = PBXFileReference; lastKnownFileType = folder.assetcatalog; path = Assets.xcassets; sourceTree = "<group>"; };
		FA4CAA082BDFD3EF00060812 /* study.entitlements */ = {isa = PBXFileReference; lastKnownFileType = text.plist.entitlements; path = study.entitlements; sourceTree = "<group>"; };
		FA4CAA0A2BDFD3EF00060812 /* Preview Assets.xcassets */ = {isa = PBXFileReference; lastKnownFileType = folder.assetcatalog; path = "Preview Assets.xcassets"; sourceTree = "<group>"; };
		FA4CAA102BDFD3EF00060812 /* studyTests.xctest */ = {isa = PBXFileReference; explicitFileType = wrapper.cfbundle; includeInIndex = 0; path = studyTests.xctest; sourceTree = BUILT_PRODUCTS_DIR; };
		FA4CAA142BDFD3EF00060812 /* studyTests.swift */ = {isa = PBXFileReference; lastKnownFileType = sourcecode.swift; path = studyTests.swift; sourceTree = "<group>"; };
		FA4CAA1A2BDFD3EF00060812 /* studyUITests.xctest */ = {isa = PBXFileReference; explicitFileType = wrapper.cfbundle; includeInIndex = 0; path = studyUITests.xctest; sourceTree = BUILT_PRODUCTS_DIR; };
		FA4CAA1E2BDFD3EF00060812 /* studyUITests.swift */ = {isa = PBXFileReference; lastKnownFileType = sourcecode.swift; path = studyUITests.swift; sourceTree = "<group>"; };
		FA4CAA202BDFD3EF00060812 /* studyUITestsLaunchTests.swift */ = {isa = PBXFileReference; lastKnownFileType = sourcecode.swift; path = studyUITestsLaunchTests.swift; sourceTree = "<group>"; };
/* End PBXFileReference section */

/* Begin PBXFrameworksBuildPhase section */
		FA4CA9FC2BDFD3ED00060812 /* Frameworks */ = {
			isa = PBXFrameworksBuildPhase;
			buildActionMask = 2147483647;
			files = (
			);
			runOnlyForDeploymentPostprocessing = 0;
		};
		FA4CAA0D2BDFD3EF00060812 /* Frameworks */ = {
			isa = PBXFrameworksBuildPhase;
			buildActionMask = 2147483647;
			files = (
			);
			runOnlyForDeploymentPostprocessing = 0;
		};
		FA4CAA172BDFD3EF00060812 /* Frameworks */ = {
			isa = PBXFrameworksBuildPhase;
			buildActionMask = 2147483647;
			files = (
			);
			runOnlyForDeploymentPostprocessing = 0;
		};
/* End PBXFrameworksBuildPhase section */

/* Begin PBXGroup section */
		FA4CA9F62BDFD3ED00060812 = {
			isa = PBXGroup;
			children = (
				FA4CAA012BDFD3ED00060812 /* study */,
				FA4CAA132BDFD3EF00060812 /* studyTests */,
				FA4CAA1D2BDFD3EF00060812 /* studyUITests */,
				FA4CAA002BDFD3ED00060812 /* Products */,
			);
			sourceTree = "<group>";
		};
		FA4CAA002BDFD3ED00060812 /* Products */ = {
			isa = PBXGroup;
			children = (
				FA4CA9FF2BDFD3ED00060812 /* study.app */,
				FA4CAA102BDFD3EF00060812 /* studyTests.xctest */,
				FA4CAA1A2BDFD3EF00060812 /* studyUITests.xctest */,
			);
			name = Products;
			sourceTree = "<group>";
		};
		FA4CAA012BDFD3ED00060812 /* study */ = {
			isa = PBXGroup;
			children = (
				FA4CAA022BDFD3ED00060812 /* studyApp.swift */,
				FA4CAA042BDFD3ED00060812 /* ContentView.swift */,
				FA4CAA062BDFD3EF00060812 /* Assets.xcassets */,
				FA4CAA082BDFD3EF00060812 /* study.entitlements */,
				FA4CAA092BDFD3EF00060812 /* Preview Content */,
			);
			path = study;
			sourceTree = "<group>";
		};
		FA4CAA092BDFD3EF00060812 /* Preview Content */ = {
			isa = PBXGroup;
			children = (
				FA4CAA0A2BDFD3EF00060812 /* Preview Assets.xcassets */,
			);
			path = "Preview Content";
			sourceTree = "<group>";
		};
		FA4CAA132BDFD3EF00060812 /* studyTests */ = {
			isa = PBXGroup;
			children = (
				FA4CAA142BDFD3EF00060812 /* studyTests.swift */,
			);
			path = studyTests;
			sourceTree = "<group>";
		};
		FA4CAA1D2BDFD3EF00060812 /* studyUITests */ = {
			isa = PBXGroup;
			children = (
				FA4CAA1E2BDFD3EF00060812 /* studyUITests.swift */,
				FA4CAA202BDFD3EF00060812 /* studyUITestsLaunchTests.swift */,
			);
			path = studyUITests;
			sourceTree = "<group>";
		};
/* End PBXGroup section */

/* Begin PBXNativeTarget section */
		FA4CA9FE2BDFD3ED00060812 /* study */ = {
			isa = PBXNativeTarget;
			buildConfigurationList = FA4CAA242BDFD3EF00060812 /* Build configuration list for PBXNativeTarget "study" */;
			buildPhases = (
				FA4CA9FB2BDFD3ED00060812 /* Sources */,
				FA4CA9FC2BDFD3ED00060812 /* Frameworks */,
				FA4CA9FD2BDFD3ED00060812 /* Resources */,
			);
			buildRules = (
			);
			dependencies = (
			);
			name = study;
			productName = study;
			productReference = FA4CA9FF2BDFD3ED00060812 /* study.app */;
			productType = "com.apple.product-type.application";
		};
		FA4CAA0F2BDFD3EF00060812 /* studyTests */ = {
			isa = PBXNativeTarget;
			buildConfigurationList = FA4CAA272BDFD3EF00060812 /* Build configuration list for PBXNativeTarget "studyTests" */;
			buildPhases = (
				FA4CAA0C2BDFD3EF00060812 /* Sources */,
				FA4CAA0D2BDFD3EF00060812 /* Frameworks */,
				FA4CAA0E2BDFD3EF00060812 /* Resources */,
			);
			buildRules = (
			);
			dependencies = (
				FA4CAA122BDFD3EF00060812 /* PBXTargetDependency */,
			);
			name = studyTests;
			productName = studyTests;
			productReference = FA4CAA102BDFD3EF00060812 /* studyTests.xctest */;
			productType = "com.apple.product-type.bundle.unit-test";
		};
		FA4CAA192BDFD3EF00060812 /* studyUITests */ = {
			isa = PBXNativeTarget;
			buildConfigurationList = FA4CAA2A2BDFD3EF00060812 /* Build configuration list for PBXNativeTarget "studyUITests" */;
			buildPhases = (
				FA4CAA162BDFD3EF00060812 /* Sources */,
				FA4CAA172BDFD3EF00060812 /* Frameworks */,
				FA4CAA182BDFD3EF00060812 /* Resources */,
			);
			buildRules = (
			);
			dependencies = (
				FA4CAA1C2BDFD3EF00060812 /* PBXTargetDependency */,
			);
			name = studyUITests;
			productName = studyUITests;
			productReference = FA4CAA1A2BDFD3EF00060812 /* studyUITests.xctest */;
			productType = "com.apple.product-type.bundle.ui-testing";
		};
/* End PBXNativeTarget section */

/* Begin PBXProject section */
		FA4CA9F72BDFD3ED00060812 /* Project object */ = {
			isa = PBXProject;
			attributes = {
				BuildIndependentTargetsInParallel = 1;
				LastSwiftUpdateCheck = 1530;
				LastUpgradeCheck = 1530;
				TargetAttributes = {
					FA4CA9FE2BDFD3ED00060812 = {
						CreatedOnToolsVersion = 15.3;
					};
					FA4CAA0F2BDFD3EF00060812 = {
						CreatedOnToolsVersion = 15.3;
						TestTargetID = FA4CA9FE2BDFD3ED00060812;
					};
					FA4CAA192BDFD3EF00060812 = {
						CreatedOnToolsVersion = 15.3;
						TestTargetID = FA4CA9FE2BDFD3ED00060812;
					};
				};
			};
			buildConfigurationList = FA4CA9FA2BDFD3ED00060812 /* Build configuration list for PBXProject "study" */;
			compatibilityVersion = "Xcode 14.0";
			developmentRegion = en;
			hasScannedForEncodings = 0;
			knownRegions = (
				en,
				Base,
			);
			mainGroup = FA4CA9F62BDFD3ED00060812;
			productRefGroup = FA4CAA002BDFD3ED00060812 /* Products */;
			projectDirPath = "";
			projectRoot = "";
			targets = (
				FA4CA9FE2BDFD3ED00060812 /* study */,
				FA4CAA0F2BDFD3EF00060812 /* studyTests */,
				FA4CAA192BDFD3EF00060812 /* studyUITests */,
			);
		};
/* End PBXProject section */

/* Begin PBXResourcesBuildPhase section */
		FA4CA9FD2BDFD3ED00060812 /* Resources */ = {
			isa = PBXResourcesBuildPhase;
			buildActionMask = 2147483647;
			files = (
				FA4CAA0B2BDFD3EF00060812 /* Preview Assets.xcassets in Resources */,
				FA4CAA072BDFD3EF00060812 /* Assets.xcassets in Resources */,
			);
			runOnlyForDeploymentPostprocessing = 0;
		};
		FA4CAA0E2BDFD3EF00060812 /* Resources */ = {
			isa = PBXResourcesBuildPhase;
			buildActionMask = 2147483647;
			files = (
			);
			runOnlyForDeploymentPostprocessing = 0;
		};
		FA4CAA182BDFD3EF00060812 /* Resources */ = {
			isa = PBXResourcesBuildPhase;
			buildActionMask = 2147483647;
			files = (
			);
			runOnlyForDeploymentPostprocessing = 0;
		};
/* End PBXResourcesBuildPhase section */

/* Begin PBXSourcesBuildPhase section */
		FA4CA9FB2BDFD3ED00060812 /* Sources */ = {
			isa = PBXSourcesBuildPhase;
			buildActionMask = 2147483647;
			files = (
				FA4CAA052BDFD3ED00060812 /* ContentView.swift in Sources */,
				FA4CAA032BDFD3ED00060812 /* studyApp.swift in Sources */,
			);
			runOnlyForDeploymentPostprocessing = 0;
		};
		FA4CAA0C2BDFD3EF00060812 /* Sources */ = {
			isa = PBXSourcesBuildPhase;
			buildActionMask = 2147483647;
			files = (
				FA4CAA152BDFD3EF00060812 /* studyTests.swift in Sources */,
			);
			runOnlyForDeploymentPostprocessing = 0;
		};
		FA4CAA162BDFD3EF00060812 /* Sources */ = {
			isa = PBXSourcesBuildPhase;
			buildActionMask = 2147483647;
			files = (
				FA4CAA212BDFD3EF00060812 /* studyUITestsLaunchTests.swift in Sources */,
				FA4CAA1F2BDFD3EF00060812 /* studyUITests.swift in Sources */,
			);
			runOnlyForDeploymentPostprocessing = 0;
		};
/* End PBXSourcesBuildPhase section */

/* Begin PBXTargetDependency section */
		FA4CAA122BDFD3EF00060812 /* PBXTargetDependency */ = {
			isa = PBXTargetDependency;
			target = FA4CA9FE2BDFD3ED00060812 /* study */;
			targetProxy = FA4CAA112BDFD3EF00060812 /* PBXContainerItemProxy */;
		};
		FA4CAA1C2BDFD3EF00060812 /* PBXTargetDependency */ = {
			isa = PBXTargetDependency;
			target = FA4CA9FE2BDFD3ED00060812 /* study */;
			targetProxy = FA4CAA1B2BDFD3EF00060812 /* PBXContainerItemProxy */;
		};
/* End PBXTargetDependency section */

/* Begin XCBuildConfiguration section */
		FA4CAA222BDFD3EF00060812 /* Debug */ = {
			isa = XCBuildConfiguration;
			buildSettings = {
				ALWAYS_SEARCH_USER_PATHS = NO;
				ASSETCATALOG_COMPILER_GENERATE_SWIFT_ASSET_SYMBOL_EXTENSIONS = YES;
				CLANG_ANALYZER_NONNULL = YES;
				CLANG_ANALYZER_NUMBER_OBJECT_CONVERSION = YES_AGGRESSIVE;
				CLANG_CXX_LANGUAGE_STANDARD = "gnu++20";
				CLANG_ENABLE_MODULES = YES;
				CLANG_ENABLE_OBJC_ARC = YES;
				CLANG_ENABLE_OBJC_WEAK = YES;
				CLANG_WARN_BLOCK_CAPTURE_AUTORELEASING = YES;
				CLANG_WARN_BOOL_CONVERSION = YES;
				CLANG_WARN_COMMA = YES;
				CLANG_WARN_CONSTANT_CONVERSION = YES;
				CLANG_WARN_DEPRECATED_OBJC_IMPLEMENTATIONS = YES;
				CLANG_WARN_DIRECT_OBJC_ISA_USAGE = YES_ERROR;
				CLANG_WARN_DOCUMENTATION_COMMENTS = YES;
				CLANG_WARN_EMPTY_BODY = YES;
				CLANG_WARN_ENUM_CONVERSION = YES;
				CLANG_WARN_INFINITE_RECURSION = YES;
				CLANG_WARN_INT_CONVERSION = YES;
				CLANG_WARN_NON_LITERAL_NULL_CONVERSION = YES;
				CLANG_WARN_OBJC_IMPLICIT_RETAIN_SELF = YES;
				CLANG_WARN_OBJC_LITERAL_CONVERSION = YES;
				CLANG_WARN_OBJC_ROOT_CLASS = YES_ERROR;
				CLANG_WARN_QUOTED_INCLUDE_IN_FRAMEWORK_HEADER = YES;
				CLANG_WARN_RANGE_LOOP_ANALYSIS = YES;
				CLANG_WARN_STRICT_PROTOTYPES = YES;
				CLANG_WARN_SUSPICIOUS_MOVE = YES;
				CLANG_WARN_UNGUARDED_AVAILABILITY = YES_AGGRESSIVE;
				CLANG_WARN_UNREACHABLE_CODE = YES;
				CLANG_WARN__DUPLICATE_METHOD_MATCH = YES;
				COPY_PHASE_STRIP = NO;
				DEBUG_INFORMATION_FORMAT = dwarf;
				ENABLE_STRICT_OBJC_MSGSEND = YES;
				ENABLE_TESTABILITY = YES;
				ENABLE_USER_SCRIPT_SANDBOXING = YES;
				GCC_C_LANGUAGE_STANDARD = gnu17;
				GCC_DYNAMIC_NO_PIC = NO;
				GCC_NO_COMMON_BLOCKS = YES;
				GCC_OPTIMIZATION_LEVEL = 0;
				GCC_PREPROCESSOR_DEFINITIONS = (
					"DEBUG=1",
					"$(inherited)",
				);
				GCC_WARN_64_TO_32_BIT_CONVERSION = YES;
				GCC_WARN_ABOUT_RETURN_TYPE = YES_ERROR;
				GCC_WARN_UNDECLARED_SELECTOR = YES;
				GCC_WARN_UNINITIALIZED_AUTOS = YES_AGGRESSIVE;
				GCC_WARN_UNUSED_FUNCTION = YES;
				GCC_WARN_UNUSED_VARIABLE = YES;
				LOCALIZATION_PREFERS_STRING_CATALOGS = YES;
				MTL_ENABLE_DEBUG_INFO = INCLUDE_SOURCE;
				MTL_FAST_MATH = YES;
				ONLY_ACTIVE_ARCH = YES;
				SWIFT_ACTIVE_COMPILATION_CONDITIONS = "DEBUG $(inherited)";
				SWIFT_OPTIMIZATION_LEVEL = "-Onone";
			};
			name = Debug;
		};
		FA4CAA232BDFD3EF00060812 /* Release */ = {
			isa = XCBuildConfiguration;
			buildSettings = {
				ALWAYS_SEARCH_USER_PATHS = NO;
				ASSETCATALOG_COMPILER_GENERATE_SWIFT_ASSET_SYMBOL_EXTENSIONS = YES;
				CLANG_ANALYZER_NONNULL = YES;
				CLANG_ANALYZER_NUMBER_OBJECT_CONVERSION = YES_AGGRESSIVE;
				CLANG_CXX_LANGUAGE_STANDARD = "gnu++20";
				CLANG_ENABLE_MODULES = YES;
				CLANG_ENABLE_OBJC_ARC = YES;
				CLANG_ENABLE_OBJC_WEAK = YES;
				CLANG_WARN_BLOCK_CAPTURE_AUTORELEASING = YES;
				CLANG_WARN_BOOL_CONVERSION = YES;
				CLANG_WARN_COMMA = YES;
				CLANG_WARN_CONSTANT_CONVERSION = YES;
				CLANG_WARN_DEPRECATED_OBJC_IMPLEMENTATIONS = YES;
				CLANG_WARN_DIRECT_OBJC_ISA_USAGE = YES_ERROR;
				CLANG_WARN_DOCUMENTATION_COMMENTS = YES;
				CLANG_WARN_EMPTY_BODY = YES;
				CLANG_WARN_ENUM_CONVERSION = YES;
				CLANG_WARN_INFINITE_RECURSION = YES;
				CLANG_WARN_INT_CONVERSION = YES;
				CLANG_WARN_NON_LITERAL_NULL_CONVERSION = YES;
				CLANG_WARN_OBJC_IMPLICIT_RETAIN_SELF = YES;
				CLANG_WARN_OBJC_LITERAL_CONVERSION = YES;
				CLANG_WARN_OBJC_ROOT_CLASS = YES_ERROR;
				CLANG_WARN_QUOTED_INCLUDE_IN_FRAMEWORK_HEADER = YES;
				CLANG_WARN_RANGE_LOOP_ANALYSIS = YES;
				CLANG_WARN_STRICT_PROTOTYPES = YES;
				CLANG_WARN_SUSPICIOUS_MOVE = YES;
				CLANG_WARN_UNGUARDED_AVAILABILITY = YES_AGGRESSIVE;
				CLANG_WARN_UNREACHABLE_CODE = YES;
				CLANG_WARN__DUPLICATE_METHOD_MATCH = YES;
				COPY_PHASE_STRIP = NO;
				DEBUG_INFORMATION_FORMAT = "dwarf-with-dsym";
				ENABLE_NS_ASSERTIONS = NO;
				ENABLE_STRICT_OBJC_MSGSEND = YES;
				ENABLE_USER_SCRIPT_SANDBOXING = YES;
				GCC_C_LANGUAGE_STANDARD = gnu17;
				GCC_NO_COMMON_BLOCKS = YES;
				GCC_WARN_64_TO_32_BIT_CONVERSION = YES;
				GCC_WARN_ABOUT_RETURN_TYPE = YES_ERROR;
				GCC_WARN_UNDECLARED_SELECTOR = YES;
				GCC_WARN_UNINITIALIZED_AUTOS = YES_AGGRESSIVE;
				GCC_WARN_UNUSED_FUNCTION = YES;
				GCC_WARN_UNUSED_VARIABLE = YES;
				LOCALIZATION_PREFERS_STRING_CATALOGS = YES;
				MTL_ENABLE_DEBUG_INFO = NO;
				MTL_FAST_MATH = YES;
				SWIFT_COMPILATION_MODE = wholemodule;
			};
			name = Release;
		};
		FA4CAA252BDFD3EF00060812 /* Debug */ = {
			isa = XCBuildConfiguration;
			buildSettings = {
				ASSETCATALOG_COMPILER_APPICON_NAME = AppIcon;
				ASSETCATALOG_COMPILER_GLOBAL_ACCENT_COLOR_NAME = AccentColor;
				CODE_SIGN_ENTITLEMENTS = study/study.entitlements;
				CODE_SIGN_STYLE = Automatic;
				CURRENT_PROJECT_VERSION = 1;
				DEVELOPMENT_ASSET_PATHS = "\"study/Preview Content\"";
				DEVELOPMENT_TEAM = 62TRG6G4RG;
				ENABLE_HARDENED_RUNTIME = YES;
				ENABLE_PREVIEWS = YES;
				GENERATE_INFOPLIST_FILE = YES;
				"INFOPLIST_KEY_UIApplicationSceneManifest_Generation[sdk=iphoneos*]" = YES;
				"INFOPLIST_KEY_UIApplicationSceneManifest_Generation[sdk=iphonesimulator*]" = YES;
				"INFOPLIST_KEY_UIApplicationSupportsIndirectInputEvents[sdk=iphoneos*]" = YES;
				"INFOPLIST_KEY_UIApplicationSupportsIndirectInputEvents[sdk=iphonesimulator*]" = YES;
				"INFOPLIST_KEY_UILaunchScreen_Generation[sdk=iphoneos*]" = YES;
				"INFOPLIST_KEY_UILaunchScreen_Generation[sdk=iphonesimulator*]" = YES;
				"INFOPLIST_KEY_UIStatusBarStyle[sdk=iphoneos*]" = UIStatusBarStyleDefault;
				"INFOPLIST_KEY_UIStatusBarStyle[sdk=iphonesimulator*]" = UIStatusBarStyleDefault;
				INFOPLIST_KEY_UISupportedInterfaceOrientations_iPad = "UIInterfaceOrientationPortrait UIInterfaceOrientationPortraitUpsideDown UIInterfaceOrientationLandscapeLeft UIInterfaceOrientationLandscapeRight";
				INFOPLIST_KEY_UISupportedInterfaceOrientations_iPhone = "UIInterfaceOrientationPortrait UIInterfaceOrientationLandscapeLeft UIInterfaceOrientationLandscapeRight";
				IPHONEOS_DEPLOYMENT_TARGET = 17.4;
				LD_RUNPATH_SEARCH_PATHS = "@executable_path/Frameworks";
				"LD_RUNPATH_SEARCH_PATHS[sdk=macosx*]" = "@executable_path/../Frameworks";
				MACOSX_DEPLOYMENT_TARGET = 14.4;
				MARKETING_VERSION = 1.0;
				PRODUCT_BUNDLE_IDENTIFIER = projects.study;
				PRODUCT_NAME = "$(TARGET_NAME)";
				SDKROOT = auto;
				SUPPORTED_PLATFORMS = "iphoneos iphonesimulator macosx";
				SWIFT_EMIT_LOC_STRINGS = YES;
				SWIFT_VERSION = 5.0;
				TARGETED_DEVICE_FAMILY = "1,2";
			};
			name = Debug;
		};
		FA4CAA262BDFD3EF00060812 /* Release */ = {
			isa = XCBuildConfiguration;
			buildSettings = {
				ASSETCATALOG_COMPILER_APPICON_NAME = AppIcon;
				ASSETCATALOG_COMPILER_GLOBAL_ACCENT_COLOR_NAME = AccentColor;
				CODE_SIGN_ENTITLEMENTS = study/study.entitlements;
				CODE_SIGN_STYLE = Automatic;
				CURRENT_PROJECT_VERSION = 1;
				DEVELOPMENT_ASSET_PATHS = "\"study/Preview Content\"";
				DEVELOPMENT_TEAM = 62TRG6G4RG;
				ENABLE_HARDENED_RUNTIME = YES;
				ENABLE_PREVIEWS = YES;
				GENERATE_INFOPLIST_FILE = YES;
				"INFOPLIST_KEY_UIApplicationSceneManifest_Generation[sdk=iphoneos*]" = YES;
				"INFOPLIST_KEY_UIApplicationSceneManifest_Generation[sdk=iphonesimulator*]" = YES;
				"INFOPLIST_KEY_UIApplicationSupportsIndirectInputEvents[sdk=iphoneos*]" = YES;
				"INFOPLIST_KEY_UIApplicationSupportsIndirectInputEvents[sdk=iphonesimulator*]" = YES;
				"INFOPLIST_KEY_UILaunchScreen_Generation[sdk=iphoneos*]" = YES;
				"INFOPLIST_KEY_UILaunchScreen_Generation[sdk=iphonesimulator*]" = YES;
				"INFOPLIST_KEY_UIStatusBarStyle[sdk=iphoneos*]" = UIStatusBarStyleDefault;
				"INFOPLIST_KEY_UIStatusBarStyle[sdk=iphonesimulator*]" = UIStatusBarStyleDefault;
				INFOPLIST_KEY_UISupportedInterfaceOrientations_iPad = "UIInterfaceOrientationPortrait UIInterfaceOrientationPortraitUpsideDown UIInterfaceOrientationLandscapeLeft UIInterfaceOrientationLandscapeRight";
				INFOPLIST_KEY_UISupportedInterfaceOrientations_iPhone = "UIInterfaceOrientationPortrait UIInterfaceOrientationLandscapeLeft UIInterfaceOrientationLandscapeRight";
				IPHONEOS_DEPLOYMENT_TARGET = 17.4;
				LD_RUNPATH_SEARCH_PATHS = "@executable_path/Frameworks";
				"LD_RUNPATH_SEARCH_PATHS[sdk=macosx*]" = "@executable_path/../Frameworks";
				MACOSX_DEPLOYMENT_TARGET = 14.4;
				MARKETING_VERSION = 1.0;
				PRODUCT_BUNDLE_IDENTIFIER = projects.study;
				PRODUCT_NAME = "$(TARGET_NAME)";
				SDKROOT = auto;
				SUPPORTED_PLATFORMS = "iphoneos iphonesimulator macosx";
				SWIFT_EMIT_LOC_STRINGS = YES;
				SWIFT_VERSION = 5.0;
				TARGETED_DEVICE_FAMILY = "1,2";
			};
			name = Release;
		};
		FA4CAA282BDFD3EF00060812 /* Debug */ = {
			isa = XCBuildConfiguration;
			buildSettings = {
				ALWAYS_EMBED_SWIFT_STANDARD_LIBRARIES = YES;
				BUNDLE_LOADER = "$(TEST_HOST)";
				CODE_SIGN_STYLE = Automatic;
				CURRENT_PROJECT_VERSION = 1;
				DEVELOPMENT_TEAM = 62TRG6G4RG;
				GENERATE_INFOPLIST_FILE = YES;
				IPHONEOS_DEPLOYMENT_TARGET = 17.4;
				MACOSX_DEPLOYMENT_TARGET = 14.4;
				MARKETING_VERSION = 1.0;
				PRODUCT_BUNDLE_IDENTIFIER = projects.studyTests;
				PRODUCT_NAME = "$(TARGET_NAME)";
				SDKROOT = auto;
				SUPPORTED_PLATFORMS = "iphoneos iphonesimulator macosx";
				SWIFT_EMIT_LOC_STRINGS = NO;
				SWIFT_VERSION = 5.0;
				TARGETED_DEVICE_FAMILY = "1,2";
				TEST_HOST = "$(BUILT_PRODUCTS_DIR)/study.app/$(BUNDLE_EXECUTABLE_FOLDER_PATH)/study";
			};
			name = Debug;
		};
		FA4CAA292BDFD3EF00060812 /* Release */ = {
			isa = XCBuildConfiguration;
			buildSettings = {
				ALWAYS_EMBED_SWIFT_STANDARD_LIBRARIES = YES;
				BUNDLE_LOADER = "$(TEST_HOST)";
				CODE_SIGN_STYLE = Automatic;
				CURRENT_PROJECT_VERSION = 1;
				DEVELOPMENT_TEAM = 62TRG6G4RG;
				GENERATE_INFOPLIST_FILE = YES;
				IPHONEOS_DEPLOYMENT_TARGET = 17.4;
				MACOSX_DEPLOYMENT_TARGET = 14.4;
				MARKETING_VERSION = 1.0;
				PRODUCT_BUNDLE_IDENTIFIER = projects.studyTests;
				PRODUCT_NAME = "$(TARGET_NAME)";
				SDKROOT = auto;
				SUPPORTED_PLATFORMS = "iphoneos iphonesimulator macosx";
				SWIFT_EMIT_LOC_STRINGS = NO;
				SWIFT_VERSION = 5.0;
				TARGETED_DEVICE_FAMILY = "1,2";
				TEST_HOST = "$(BUILT_PRODUCTS_DIR)/study.app/$(BUNDLE_EXECUTABLE_FOLDER_PATH)/study";
			};
			name = Release;
		};
		FA4CAA2B2BDFD3EF00060812 /* Debug */ = {
			isa = XCBuildConfiguration;
			buildSettings = {
				ALWAYS_EMBED_SWIFT_STANDARD_LIBRARIES = YES;
				CODE_SIGN_STYLE = Automatic;
				CURRENT_PROJECT_VERSION = 1;
				DEVELOPMENT_TEAM = 62TRG6G4RG;
				GENERATE_INFOPLIST_FILE = YES;
				IPHONEOS_DEPLOYMENT_TARGET = 17.4;
				MACOSX_DEPLOYMENT_TARGET = 14.4;
				MARKETING_VERSION = 1.0;
				PRODUCT_BUNDLE_IDENTIFIER = projects.studyUITests;
				PRODUCT_NAME = "$(TARGET_NAME)";
				SDKROOT = auto;
				SUPPORTED_PLATFORMS = "iphoneos iphonesimulator macosx";
				SWIFT_EMIT_LOC_STRINGS = NO;
				SWIFT_VERSION = 5.0;
				TARGETED_DEVICE_FAMILY = "1,2";
				TEST_TARGET_NAME = study;
			};
			name = Debug;
		};
		FA4CAA2C2BDFD3EF00060812 /* Release */ = {
			isa = XCBuildConfiguration;
			buildSettings = {
				ALWAYS_EMBED_SWIFT_STANDARD_LIBRARIES = YES;
				CODE_SIGN_STYLE = Automatic;
				CURRENT_PROJECT_VERSION = 1;
				DEVELOPMENT_TEAM = 62TRG6G4RG;
				GENERATE_INFOPLIST_FILE = YES;
				IPHONEOS_DEPLOYMENT_TARGET = 17.4;
				MACOSX_DEPLOYMENT_TARGET = 14.4;
				MARKETING_VERSION = 1.0;
				PRODUCT_BUNDLE_IDENTIFIER = projects.studyUITests;
				PRODUCT_NAME = "$(TARGET_NAME)";
				SDKROOT = auto;
				SUPPORTED_PLATFORMS = "iphoneos iphonesimulator macosx";
				SWIFT_EMIT_LOC_STRINGS = NO;
				SWIFT_VERSION = 5.0;
				TARGETED_DEVICE_FAMILY = "1,2";
				TEST_TARGET_NAME = study;
			};
			name = Release;
		};
/* End XCBuildConfiguration section */

/* Begin XCConfigurationList section */
		FA4CA9FA2BDFD3ED00060812 /* Build configuration list for PBXProject "study" */ = {
			isa = XCConfigurationList;
			buildConfigurations = (
				FA4CAA222BDFD3EF00060812 /* Debug */,
				FA4CAA232BDFD3EF00060812 /* Release */,
			);
			defaultConfigurationIsVisible = 0;
			defaultConfigurationName = Release;
		};
		FA4CAA242BDFD3EF00060812 /* Build configuration list for PBXNativeTarget "study" */ = {
			isa = XCConfigurationList;
			buildConfigurations = (
				FA4CAA252BDFD3EF00060812 /* Debug */,
				FA4CAA262BDFD3EF00060812 /* Release */,
			);
			defaultConfigurationIsVisible = 0;
			defaultConfigurationName = Release;
		};
		FA4CAA272BDFD3EF00060812 /* Build configuration list for PBXNativeTarget "studyTests" */ = {
			isa = XCConfigurationList;
			buildConfigurations = (
				FA4CAA282BDFD3EF00060812 /* Debug */,
				FA4CAA292BDFD3EF00060812 /* Release */,
			);
			defaultConfigurationIsVisible = 0;
			defaultConfigurationName = Release;
		};
		FA4CAA2A2BDFD3EF00060812 /* Build configuration list for PBXNativeTarget "studyUITests" */ = {
			isa = XCConfigurationList;
			buildConfigurations = (
				FA4CAA2B2BDFD3EF00060812 /* Debug */,
				FA4CAA2C2BDFD3EF00060812 /* Release */,
			);
			defaultConfigurationIsVisible = 0;
			defaultConfigurationName = Release;
		};
/* End XCConfigurationList section */
	};
	rootObject = FA4CA9F72BDFD3ED00060812 /* Project object */;
}
